
Microsoft Visual Studio Solution File, Format Version 12.00
Project("{FAE04EC0-301F-11D3-BF4B-00C04F79EFBC}") = "TelegramBotPooling", "TelegramBotPooling\TelegramBotPooling.csproj", "{D1F2CCFB-C4D3-43B9-AF49-1A036AD5B526}"
EndProject
Project("{FAE04EC0-301F-11D3-BF4B-00C04F79EFBC}") = "TelegramBotPooling.Api.Service", "TelegramBotPooling.Api.Service\TelegramBotPooling.Api.Service.csproj", "{BEAF2833-88CF-46F1-B185-F28587C7E946}"
EndProject
Project("{FAE04EC0-301F-11D3-BF4B-00C04F79EFBC}") = "TelegramBotPooling.ExternalApi", "TelegramBotPooling.ExternalApi\TelegramBotPooling.ExternalApi.csproj", "{44689213-CF70-46E2-817E-1F6506FAC20C}"
EndProject
Global
	GlobalSection(SolutionConfigurationPlatforms) = preSolution
		Debug|Any CPU = Debug|Any CPU
		Release|Any CPU = Release|Any CPU
	EndGlobalSection
	GlobalSection(ProjectConfigurationPlatforms) = postSolution
		{D1F2CCFB-C4D3-43B9-AF49-1A036AD5B526}.Debug|Any CPU.ActiveCfg = Debug|Any CPU
		{D1F2CCFB-C4D3-43B9-AF49-1A036AD5B526}.Debug|Any CPU.Build.0 = Debug|Any CPU
		{D1F2CCFB-C4D3-43B9-AF49-1A036AD5B526}.Release|Any CPU.ActiveCfg = Release|Any CPU
		{D1F2CCFB-C4D3-43B9-AF49-1A036AD5B526}.Release|Any CPU.Build.0 = Release|Any CPU
		{BEAF2833-88CF-46F1-B185-F28587C7E946}.Debug|Any CPU.ActiveCfg = Debug|Any CPU
		{BEAF2833-88CF-46F1-B185-F28587C7E946}.Debug|Any CPU.Build.0 = Debug|Any CPU
		{BEAF2833-88CF-46F1-B185-F28587C7E946}.Release|Any CPU.ActiveCfg = Release|Any CPU
		{BEAF2833-88CF-46F1-B185-F28587C7E946}.Release|Any CPU.Build.0 = Release|Any CPU
		{44689213-CF70-46E2-817E-1F6506FAC20C}.Debug|Any CPU.ActiveCfg = Debug|Any CPU
		{44689213-CF70-46E2-817E-1F6506FAC20C}.Debug|Any CPU.Build.0 = Debug|Any CPU
		{44689213-CF70-46E2-817E-1F6506FAC20C}.Release|Any CPU.ActiveCfg = Release|Any CPU
		{44689213-CF70-46E2-817E-1F6506FAC20C}.Release|Any CPU.Build.0 = Release|Any CPU
	EndGlobalSection
EndGlobal
